<?xml version="1.0" encoding="utf-8"?>
<Project ToolsVersion="4.0" xmlns="http://schemas.microsoft.com/developer/msbuild/2003">
  <ItemGroup>
    <Filter Include="リソース ファイル">
      <UniqueIdentifier>{67DA6AB6-F800-4c08-8B7A-83BB121AAD01}</UniqueIdentifier>
      <Extensions>rc;ico;cur;bmp;dlg;rc2;rct;bin;rgs;gif;jpg;jpeg;jpe;resx;tiff;tif;png;wav;mfcribbon-ms</Extensions>
    </Filter>
    <Filter Include="01Engine">
      <UniqueIdentifier>{e5fccdcb-f299-4448-bdb6-01fa28039576}</UniqueIdentifier>
    </Filter>
    <Filter Include="01Engine\GameObject">
      <UniqueIdentifier>{b450e438-c939-4b05-b319-0e3c0b4a335c}</UniqueIdentifier>
    </Filter>
    <Filter Include="01Engine\ResourceManager">
      <UniqueIdentifier>{bedee914-5063-4c08-95bb-79c861b4969c}</UniqueIdentifier>
    </Filter>
    <Filter Include="Scene">
      <UniqueIdentifier>{f30621f4-a4ff-4190-9259-6f119457a963}</UniqueIdentifier>
    </Filter>
    <Filter Include="Scene\PlayScene">
      <UniqueIdentifier>{2c5cf8ca-4eae-4300-a02e-28d184b7f98d}</UniqueIdentifier>
    </Filter>
  </ItemGroup>
  <ItemGroup>
    <ClCompile Include="Engine\GameObject.cpp">
      <Filter>01Engine\GameObject</Filter>
    </ClCompile>
    <ClCompile Include="Engine\RootObject.cpp">
      <Filter>01Engine\GameObject</Filter>
    </ClCompile>
    <ClCompile Include="Engine\CsvReader.cpp">
      <Filter>01Engine\ResourceManager</Filter>
    </ClCompile>
    <ClCompile Include="Engine\Main.cpp">
      <Filter>01Engine</Filter>
    </ClCompile>
    <ClCompile Include="Engine\SceneManager.cpp">
      <Filter>01Engine</Filter>
    </ClCompile>
    <ClCompile Include="Engine\Transform.cpp">
      <Filter>01Engine\GameObject</Filter>
    </ClCompile>
    <ClCompile Include="TestScene.cpp" />
    <ClCompile Include="TitleScene.cpp">
      <Filter>Scene</Filter>
    </ClCompile>
    <ClCompile Include="PlayScene.cpp">
      <Filter>Scene\PlayScene</Filter>
    </ClCompile>
    <ClCompile Include="Player.cpp">
      <Filter>Scene\PlayScene</Filter>
    </ClCompile>
    <ClCompile Include="Engine\time.cpp">
      <Filter>01Engine</Filter>
    </ClCompile>
    <ClCompile Include="Banner.cpp" />
    <ClCompile Include="ResultScene.cpp">
      <Filter>Scene</Filter>
    </ClCompile>
    <ClCompile Include="Stage.cpp">
      <Filter>Scene\PlayScene</Filter>
    </ClCompile>
    <ClCompile Include="Meteorite.cpp">
      <Filter>Scene\PlayScene</Filter>
    </ClCompile>
    <ClCompile Include="Explosion.cpp">
      <Filter>Scene\PlayScene</Filter>
    </ClCompile>
    <ClCompile Include="AttackSkill.cpp">
      <Filter>Scene\PlayScene</Filter>
    </ClCompile>
    <ClCompile Include="ExplanationScene.cpp" />
    <ClCompile Include="Flag.cpp">
      <Filter>Scene\PlayScene</Filter>
    </ClCompile>
    <ClCompile Include="Enemy.cpp">
      <Filter>Scene\PlayScene</Filter>
    </ClCompile>
    <ClCompile Include="MeteoSpawner.cpp">
      <Filter>Scene\PlayScene</Filter>
    </ClCompile>
  </ItemGroup>
  <ItemGroup>
    <ClInclude Include="Engine\GameObject.h">
      <Filter>01Engine\GameObject</Filter>
    </ClInclude>
    <ClInclude Include="Engine\RootObject.h">
      <Filter>01Engine\GameObject</Filter>
    </ClInclude>
    <ClInclude Include="Engine\CsvReader.h">
      <Filter>01Engine\ResourceManager</Filter>
    </ClInclude>
    <ClInclude Include="Engine\Global.h">
      <Filter>01Engine</Filter>
    </ClInclude>
    <ClInclude Include="Engine\SceneManager.h">
      <Filter>01Engine</Filter>
    </ClInclude>
    <ClInclude Include="Engine\Transform.h">
      <Filter>01Engine\GameObject</Filter>
    </ClInclude>
    <ClInclude Include="TestScene.h" />
    <ClInclude Include="PlayScene.h">
      <Filter>Scene\PlayScene</Filter>
    </ClInclude>
    <ClInclude Include="Player.h">
      <Filter>Scene\PlayScene</Filter>
    </ClInclude>
    <ClInclude Include="Engine\time.h">
      <Filter>01Engine</Filter>
    </ClInclude>
    <ClInclude Include="Camera.h" />
    <ClInclude Include="Banner.h" />
    <ClInclude Include="Ease.h" />
    <ClInclude Include="Stage.h">
      <Filter>Scene\PlayScene</Filter>
    </ClInclude>
    <ClInclude Include="Meteorite.h">
      <Filter>Scene\PlayScene</Filter>
    </ClInclude>
    <ClInclude Include="Explosion.h">
      <Filter>Scene\PlayScene</Filter>
    </ClInclude>
    <ClInclude Include="AttackSkill.h">
      <Filter>Scene\PlayScene</Filter>
    </ClInclude>
    <ClInclude Include="TitleScene.h">
      <Filter>リソース ファイル</Filter>
    </ClInclude>
    <ClInclude Include="ExplanationScene.h" />
    <ClInclude Include="Rocket.h">
      <Filter>Scene\PlayScene</Filter>
    </ClInclude>
    <ClInclude Include="Tree.h">
      <Filter>Scene\PlayScene</Filter>
    </ClInclude>
    <ClInclude Include="Flag.h">
      <Filter>Scene\PlayScene</Filter>
    </ClInclude>
    <ClInclude Include="Cloud.h">
      <Filter>Scene\PlayScene</Filter>
    </ClInclude>
    <ClInclude Include="Meteo.h">
      <Filter>Scene\PlayScene</Filter>
    </ClInclude>
    <ClInclude Include="Enemy.h">
      <Filter>Scene\PlayScene</Filter>
    </ClInclude>
    <ClInclude Include="MeteoSpawner.h">
      <Filter>Scene\PlayScene</Filter>
    </ClInclude>
    <ClInclude Include="ResultScene.h">
      <Filter>Scene</Filter>
    </ClInclude>
  </ItemGroup>
</Project>